// !$*UTF8*$!
{
	archiveVersion = 1;
	classes = {
	};
	objectVersion = 46;
	objects = {

/* Begin PBXBuildFile section */
		4C21358C1D12088D00193303 /* AppDelegate.swift in Sources */ = {isa = PBXBuildFile; fileRef = 4C21358B1D12088D00193303 /* AppDelegate.swift */; };
		4C21358E1D12088D00193303 /* ViewController.swift in Sources */ = {isa = PBXBuildFile; fileRef = 4C21358D1D12088D00193303 /* ViewController.swift */; };
		4C2135911D12088D00193303 /* Main.storyboard in Resources */ = {isa = PBXBuildFile; fileRef = 4C21358F1D12088D00193303 /* Main.storyboard */; };
		4C2135931D12088D00193303 /* Assets.xcassets in Resources */ = {isa = PBXBuildFile; fileRef = 4C2135921D12088D00193303 /* Assets.xcassets */; };
		4C2135961D12088D00193303 /* LaunchScreen.storyboard in Resources */ = {isa = PBXBuildFile; fileRef = 4C2135941D12088D00193303 /* LaunchScreen.storyboard */; };
		4C6D16ED1D135476006E6B2A /* UserViewController.swift in Sources */ = {isa = PBXBuildFile; fileRef = 4C6D16EC1D135476006E6B2A /* UserViewController.swift */; };
/* End PBXBuildFile section */

/* Begin PBXFileReference section */
		4C2135881D12088C00193303 /* My Tip Calculator.app */ = {isa = PBXFileReference; explicitFileType = wrapper.application; includeInIndex = 0; path = "My Tip Calculator.app"; sourceTree = BUILT_PRODUCTS_DIR; };
		4C21358B1D12088D00193303 /* AppDelegate.swift */ = {isa = PBXFileReference; lastKnownFileType = sourcecode.swift; path = AppDelegate.swift; sourceTree = "<group>"; };
		4C21358D1D12088D00193303 /* ViewController.swift */ = {isa = PBXFileReference; lastKnownFileType = sourcecode.swift; path = ViewController.swift; sourceTree = "<group>"; };
		4C2135901D12088D00193303 /* Base */ = {isa = PBXFileReference; lastKnownFileType = file.storyboard; name = Base; path = Base.lproj/Main.storyboard; sourceTree = "<group>"; };
		4C2135921D12088D00193303 /* Assets.xcassets */ = {isa = PBXFileReference; lastKnownFileType = folder.assetcatalog; path = Assets.xcassets; sourceTree = "<group>"; };
		4C2135951D12088D00193303 /* Base */ = {isa = PBXFileReference; lastKnownFileType = file.storyboard; name = Base; path = Base.lproj/LaunchScreen.storyboard; sourceTree = "<group>"; };
		4C2135971D12088D00193303 /* Info.plist */ = {isa = PBXFileReference; lastKnownFileType = text.plist.xml; path = Info.plist; sourceTree = "<group>"; };
		4C6D16EC1D135476006E6B2A /* UserViewController.swift */ = {isa = PBXFileReference; fileEncoding = 4; lastKnownFileType = sourcecode.swift; path = UserViewController.swift; sourceTree = "<group>"; };
/* End PBXFileReference section */

/* Begin PBXFrameworksBuildPhase section */
		4C2135851D12088C00193303 /* Frameworks */ = {
			isa = PBXFrameworksBuildPhase;
			buildActionMask = 2147483647;
			files = (
			);
			runOnlyForDeploymentPostprocessing = 0;
		};
/* End PBXFrameworksBuildPhase section */

/* Begin PBXGroup section */
		4C21357F1D12088C00193303 = {
			isa = PBXGroup;
			children = (
				4C21358A1D12088C00193303 /* TipCalculator2 */,
				4C2135891D12088C00193303 /* Products */,
			);
			sourceTree = "<group>";
		};
		4C2135891D12088C00193303 /* Products */ = {
			isa = PBXGroup;
			children = (
				4C2135881D12088C00193303 /* My Tip Calculator.app */,
			);
			name = Products;
			sourceTree = "<group>";
		};
		4C21358A1D12088C00193303 /* TipCalculator2 */ = {
			isa = PBXGroup;
			children = (
				4C6D16EE1D13548B006E6B2A /* View Controllers */,
				4C21358B1D12088D00193303 /* AppDelegate.swift */,
				4C21358D1D12088D00193303 /* ViewController.swift */,
				4C21358F1D12088D00193303 /* Main.storyboard */,
				4C2135921D12088D00193303 /* Assets.xcassets */,
				4C2135941D12088D00193303 /* LaunchScreen.storyboard */,
				4C2135971D12088D00193303 /* Info.plist */,
			);
			path = TipCalculator2;
			sourceTree = "<group>";
		};
		4C6D16EE1D13548B006E6B2A /* View Controllers */ = {
			isa = PBXGroup;
			children = (
				4C6D16EC1D135476006E6B2A /* UserViewController.swift */,
			);
			name = "View Controllers";
			sourceTree = "<group>";
		};
/* End PBXGroup section */

/* Begin PBXNativeTarget section */
		4C2135871D12088C00193303 /* TipCalculator2 */ = {
			isa = PBXNativeTarget;
			buildConfigurationList = 4C21359A1D12088D00193303 /* Build configuration list for PBXNativeTarget "TipCalculator2" */;
			buildPhases = (
				4C2135841D12088C00193303 /* Sources */,
				4C2135851D12088C00193303 /* Frameworks */,
				4C2135861D12088C00193303 /* Resources */,
			);
			buildRules = (
			);
			dependencies = (
			);
			name = TipCalculator2;
			productName = TipCalculator2;
			productReference = 4C2135881D12088C00193303 /* My Tip Calculator.app */;
			productType = "com.apple.product-type.application";
		};
/* End PBXNativeTarget section */

/* Begin PBXProject section */
		4C2135801D12088C00193303 /* Project object */ = {
			isa = PBXProject;
			attributes = {
				LastSwiftUpdateCheck = 0730;
				LastUpgradeCheck = 0730;
				ORGANIZATIONNAME = "Tiffany Yu";
				TargetAttributes = {
					4C2135871D12088C00193303 = {
						CreatedOnToolsVersion = 7.3.1;
						DevelopmentTeam = H7VU3Z6H83;
					};
				};
			};
			buildConfigurationList = 4C2135831D12088C00193303 /* Build configuration list for PBXProject "My Tip Calculator" */;
			compatibilityVersion = "Xcode 3.2";
			developmentRegion = English;
			hasScannedForEncodings = 0;
			knownRegions = (
				en,
				Base,
			);
			mainGroup = 4C21357F1D12088C00193303;
			productRefGroup = 4C2135891D12088C00193303 /* Products */;
			projectDirPath = "";
			projectRoot = "";
			targets = (
				4C2135871D12088C00193303 /* TipCalculator2 */,
			);
		};
/* End PBXProject section */

/* Begin PBXResourcesBuildPhase section */
		4C2135861D12088C00193303 /* Resources */ = {
			isa = PBXResourcesBuildPhase;
			buildActionMask = 2147483647;
			files = (
				4C2135961D12088D00193303 /* LaunchScreen.storyboard in Resources */,
				4C2135931D12088D00193303 /* Assets.xcassets in Resources */,
				4C2135911D12088D00193303 /* Main.storyboard in Resources */,
			);
			runOnlyForDeploymentPostprocessing = 0;
		};
/* End PBXResourcesBuildPhase section */

/* Begin PBXSourcesBuildPhase section */
		4C2135841D12088C00193303 /* Sources */ = {
			isa = PBXSourcesBuildPhase;
			buildActionMask = 2147483647;
			files = (
				4C21358E1D12088D00193303 /* ViewController.swift in Sources */,
				4C6D16ED1D135476006E6B2A /* UserViewController.swift in Sources */,
				4C21358C1D12088D00193303 /* AppDelegate.swift in Sources */,
			);
			runOnlyForDeploymentPostprocessing = 0;
		};
/* End PBXSourcesBuildPhase section */

/* Begin PBXVariantGroup section */
		4C21358F1D12088D00193303 /* Main.storyboard */ = {
			isa = PBXVariantGroup;
			children = (
				4C2135901D12088D00193303 /* Base */,
			);
			name = Main.storyboard;
			sourceTree = "<group>";
		};
		4C2135941D12088D00193303 /* LaunchScreen.storyboard */ = {
			isa = PBXVariantGroup;
			children = (
				4C2135951D12088D00193303 /* Base */,
			);
			name = LaunchScreen.storyboard;
			sourceTree = "<group>";
		};
/* End PBXVariantGroup section */

/* Begin XCBuildConfiguration section */
		4C2135981D12088D00193303 /* Debug */ = {
			isa = XCBuildConfiguration;
			buildSettings = {
				ALWAYS_SEARCH_USER_PATHS = NO;
				CLANG_ANALYZER_NONNULL = YES;
				CLANG_CXX_LANGUAGE_STANDARD = "gnu++0x";
				CLANG_CXX_LIBRARY = "libc++";
				CLANG_ENABLE_MODULES = YES;
				CLANG_ENABLE_OBJC_ARC = YES;
				CLANG_WARN_BOOL_CONVERSION = YES;
				CLANG_WARN_CONSTANT_CONVERSION = YES;
				CLANG_WARN_DIRECT_OBJC_ISA_USAGE = YES_ERROR;
				CLANG_WARN_EMPTY_BODY = YES;
				CLANG_WARN_ENUM_CONVERSION = YES;
				CLANG_WARN_INT_CONVERSION = YES;
				CLANG_WARN_OBJC_ROOT_CLASS = YES_ERROR;
				CLANG_WARN_UNREACHABLE_CODE = YES;
				CLANG_WARN__DUPLICATE_METHOD_MATCH = YES;
				"CODE_SIGN_IDENTITY[sdk=iphoneos*]" = "iPhone Developer";
				COPY_PHASE_STRIP = NO;
				DEBUG_INFORMATION_FORMAT = dwarf;
				ENABLE_STRICT_OBJC_MSGSEND = YES;
				ENABLE_TESTABILITY = YES;
				GCC_C_LANGUAGE_STANDARD = gnu99;
				GCC_DYNAMIC_NO_PIC = NO;
				GCC_NO_COMMON_BLOCKS = YES;
				GCC_OPTIMIZATION_LEVEL = 0;
				GCC_PREPROCESSOR_DEFINITIONS = (
					"DEBUG=1",
					"$(inherited)",
				);
				GCC_WARN_64_TO_32_BIT_CONVERSION = YES;
				GCC_WARN_ABOUT_RETURN_TYPE = YES_ERROR;
				GCC_WARN_UNDECLARED_SELECTOR = YES;
				GCC_WARN_UNINITIALIZED_AUTOS = YES_AGGRESSIVE;
				GCC_WARN_UNUSED_FUNCTION = YES;
				GCC_WARN_UNUSED_VARIABLE = YES;
				IPHONEOS_DEPLOYMENT_TARGET = 9.3;
				MTL_ENABLE_DEBUG_INFO = YES;
				ONLY_ACTIVE_ARCH = YES;
				SDKROOT = iphoneos;
				SWIFT_OPTIMIZATION_LEVEL = "-Onone";
			};
			name = Debug;
		};
		4C2135991D12088D00193303 /* Release */ = {
			isa = XCBuildConfiguration;
			buildSettings = {
				ALWAYS_SEARCH_USER_PATHS = NO;
				CLANG_ANALYZER_NONNULL = YES;
				CLANG_CXX_LANGUAGE_STANDARD = "gnu++0x";
				CLANG_CXX_LIBRARY = "libc++";
				CLANG_ENABLE_MODULES = YES;
				CLANG_ENABLE_OBJC_ARC = YES;
				CLANG_WARN_BOOL_CONVERSION = YES;
				CLANG_WARN_CONSTANT_CONVERSION = YES;
				CLANG_WARN_DIRECT_OBJC_ISA_USAGE = YES_ERROR;
				CLANG_WARN_EMPTY_BODY = YES;
				CLANG_WARN_ENUM_CONVERSION = YES;
				CLANG_WARN_INT_CONVERSION = YES;
				CLANG_WARN_OBJC_ROOT_CLASS = YES_ERROR;
				CLANG_WARN_UNREACHABLE_CODE = YES;
				CLANG_WARN__DUPLICATE_METHOD_MATCH = YES;
				"CODE_SIGN_IDENTITY[sdk=iphoneos*]" = "iPhone Developer";
				COPY_PHASE_STRIP = NO;
				DEBUG_INFORMATION_FORMAT = "dwarf-with-dsym";
				ENABLE_NS_ASSERTIONS = NO;
				ENABLE_STRICT_OBJC_MSGSEND = YES;
				GCC_C_LANGUAGE_STANDARD = gnu99;
				GCC_NO_COMMON_BLOCKS = YES;
				GCC_WARN_64_TO_32_BIT_CONVERSION = YES;
				GCC_WARN_ABOUT_RETURN_TYPE = YES_ERROR;
				GCC_WARN_UNDECLARED_SELECTOR = YES;
				GCC_WARN_UNINITIALIZED_AUTOS = YES_AGGRESSIVE;
				GCC_WARN_UNUSED_FUNCTION = YES;
				GCC_WARN_UNUSED_VARIABLE = YES;
				IPHONEOS_DEPLOYMENT_TARGET = 9.3;
				MTL_ENABLE_DEBUG_INFO = NO;
				SDKROOT = iphoneos;
				VALIDATE_PRODUCT = YES;
			};
			name = Release;
		};
		4C21359B1D12088D00193303 /* Debug */ = {
			isa = XCBuildConfiguration;
			buildSettings = {
				ASSETCATALOG_COMPILER_APPICON_NAME = "App Icon";
				CODE_SIGN_IDENTITY = "";
				"CODE_SIGN_IDENTITY[sdk=iphoneos*]" = "";
				INFOPLIST_FILE = TipCalculator2/Info.plist;
				LD_RUNPATH_SEARCH_PATHS = "$(inherited) @executable_path/Frameworks";
				PRODUCT_BUNDLE_IDENTIFIER = TTech.TipCalculator2;
				PRODUCT_NAME = "My Tip Calculator";
				PROVISIONING_PROFILE = "572d7000-db4c-48ab-9952-dae61224ec2d";
			};
			name = Debug;
		};
		4C21359C1D12088D00193303 /* Release */ = {
			isa = XCBuildConfiguration;
			buildSettings = {
				ASSETCATALOG_COMPILER_APPICON_NAME = "App Icon";
				CODE_SIGN_IDENTITY = "";
				"CODE_SIGN_IDENTITY[sdk=iphoneos*]" = "";
				INFOPLIST_FILE = TipCalculator2/Info.plist;
				LD_RUNPATH_SEARCH_PATHS = "$(inherited) @executable_path/Frameworks";
				PRODUCT_BUNDLE_IDENTIFIER = TTech.TipCalculator2;
				PRODUCT_NAME = "My Tip Calculator";
				PROVISIONING_PROFILE = "572d7000-db4c-48ab-9952-dae61224ec2d";
			};
			name = Release;
		};
/* End XCBuildConfiguration section */

/* Begin XCConfigurationList section */
		4C2135831D12088C00193303 /* Build configuration list for PBXProject "My Tip Calculator" */ = {
			isa = XCConfigurationList;
			buildConfigurations = (
				4C2135981D12088D00193303 /* Debug */,
				4C2135991D12088D00193303 /* Release */,
			);
			defaultConfigurationIsVisible = 0;
			defaultConfigurationName = Release;
		};
		4C21359A1D12088D00193303 /* Build configuration list for PBXNativeTarget "TipCalculator2" */ = {
			isa = XCConfigurationList;
			buildConfigurations = (
				4C21359B1D12088D00193303 /* Debug */,
				4C21359C1D12088D00193303 /* Release */,
			);
			defaultConfigurationIsVisible = 0;
			defaultConfigurationName = Release;
		};
/* End XCConfigurationList section */
	};
	rootObject = 4C2135801D12088C00193303 /* Project object */;
}
